
Microsoft Visual Studio Solution File, Format Version 12.00
# Visual Studio Version 16
VisualStudioVersion = 16.0.30611.23
MinimumVisualStudioVersion = 10.0.40219.1
Project("{FAE04EC0-301F-11D3-BF4B-00C04F79EFBC}") = "FactoryPatternExercise", "FactoryPatternExercise\FactoryPatternExercise.csproj", "{AA7ADECC-A26D-4528-9117-33098A73F125}"
EndProject
Global
	GlobalSection(SolutionConfigurationPlatforms) = preSolution
		Debug|Any CPU = Debug|Any CPU
		Release|Any CPU = Release|Any CPU
	EndGlobalSection
	GlobalSection(ProjectConfigurationPlatforms) = postSolution
		{AA7ADECC-A26D-4528-9117-33098A73F125}.Debug|Any CPU.ActiveCfg = Debug|Any CPU
		{AA7ADECC-A26D-4528-9117-33098A73F125}.Debug|Any CPU.Build.0 = Debug|Any CPU
		{AA7ADECC-A26D-4528-9117-33098A73F125}.Release|Any CPU.ActiveCfg = Release|Any CPU
		{AA7ADECC-A26D-4528-9117-33098A73F125}.Release|Any CPU.Build.0 = Release|Any CPU
	EndGlobalSection
	GlobalSection(SolutionProperties) = preSolution
		HideSolutionNode = FALSE
	EndGlobalSection
	GlobalSection(ExtensibilityGlobals) = postSolution
		SolutionGuid = {7094943D-4989-46A3-9F03-723139D34160}
	EndGlobalSection
EndGlobal
